{
  "requires": true,
  "lockfileVersion": 1,
  "dependencies": {
    "desandro-classie": {
      "version": "1.0.1",
      "resolved": "https://registry.npmjs.org/desandro-classie/-/desandro-classie-1.0.1.tgz",
      "integrity": "sha1-qtTQupjIHNjov1Gs/3D41fnlGJM="
    },
    "python-shell": {
      "version": "1.0.8",
      "resolved": "https://registry.npmjs.org/python-shell/-/python-shell-1.0.8.tgz",
      "integrity": "sha512-jMKagerg3alm6j+Prq5t/M3dTgEppy5vC6ns+LqAjfuHiT8olfK3PMokpqpeEcWEqvDnUcAOhp6SQzaLBtTzRw=="
    }
  }
}
